
Microsoft Visual Studio Solution File, Format Version 10.00
# Visual C# Express 2008
Project("{FAE04EC0-301F-11D3-BF4B-00C04F79EFBC}") = "Button_Click_count_StateManagement", "Button_Click_count_StateManagement\Button_Click_count_StateManagement.csproj", "{B07DA5B9-7854-402F-BF11-A1C700CA9C6E}"
EndProject
Global
	GlobalSection(SolutionConfigurationPlatforms) = preSolution
		Debug|Any CPU = Debug|Any CPU
		Release|Any CPU = Release|Any CPU
	EndGlobalSection
	GlobalSection(ProjectConfigurationPlatforms) = postSolution
		{B07DA5B9-7854-402F-BF11-A1C700CA9C6E}.Debug|Any CPU.ActiveCfg = Debug|Any CPU
		{B07DA5B9-7854-402F-BF11-A1C700CA9C6E}.Debug|Any CPU.Build.0 = Debug|Any CPU
		{B07DA5B9-7854-402F-BF11-A1C700CA9C6E}.Release|Any CPU.ActiveCfg = Release|Any CPU
		{B07DA5B9-7854-402F-BF11-A1C700CA9C6E}.Release|Any CPU.Build.0 = Release|Any CPU
	EndGlobalSection
	GlobalSection(SolutionProperties) = preSolution
		HideSolutionNode = FALSE
	EndGlobalSection
EndGlobal
