
Microsoft Visual Studio Solution File, Format Version 10.00
# Visual C# Express 2008
Project("{FAE04EC0-301F-11D3-BF4B-00C04F79EFBC}") = "Foreach_loop_max_of_array", "Foreach_loop_max_of_array\Foreach_loop_max_of_array.csproj", "{94C94F0B-BD2E-4EA2-A160-592C966DF66F}"
EndProject
Global
	GlobalSection(SolutionConfigurationPlatforms) = preSolution
		Debug|Any CPU = Debug|Any CPU
		Release|Any CPU = Release|Any CPU
	EndGlobalSection
	GlobalSection(ProjectConfigurationPlatforms) = postSolution
		{94C94F0B-BD2E-4EA2-A160-592C966DF66F}.Debug|Any CPU.ActiveCfg = Debug|Any CPU
		{94C94F0B-BD2E-4EA2-A160-592C966DF66F}.Debug|Any CPU.Build.0 = Debug|Any CPU
		{94C94F0B-BD2E-4EA2-A160-592C966DF66F}.Release|Any CPU.ActiveCfg = Release|Any CPU
		{94C94F0B-BD2E-4EA2-A160-592C966DF66F}.Release|Any CPU.Build.0 = Release|Any CPU
	EndGlobalSection
	GlobalSection(SolutionProperties) = preSolution
		HideSolutionNode = FALSE
	EndGlobalSection
EndGlobal
