
Microsoft Visual Studio Solution File, Format Version 10.00
# Visual C# Express 2008
Project("{FAE04EC0-301F-11D3-BF4B-00C04F79EFBC}") = "constructor_default_constructor", "constructor_default_constructor\constructor_default_constructor.csproj", "{07DA0C27-6DED-40EE-AE7D-0E911C62F5A3}"
EndProject
Global
	GlobalSection(SolutionConfigurationPlatforms) = preSolution
		Debug|Any CPU = Debug|Any CPU
		Release|Any CPU = Release|Any CPU
	EndGlobalSection
	GlobalSection(ProjectConfigurationPlatforms) = postSolution
		{07DA0C27-6DED-40EE-AE7D-0E911C62F5A3}.Debug|Any CPU.ActiveCfg = Debug|Any CPU
		{07DA0C27-6DED-40EE-AE7D-0E911C62F5A3}.Debug|Any CPU.Build.0 = Debug|Any CPU
		{07DA0C27-6DED-40EE-AE7D-0E911C62F5A3}.Release|Any CPU.ActiveCfg = Release|Any CPU
		{07DA0C27-6DED-40EE-AE7D-0E911C62F5A3}.Release|Any CPU.Build.0 = Release|Any CPU
	EndGlobalSection
	GlobalSection(SolutionProperties) = preSolution
		HideSolutionNode = FALSE
	EndGlobalSection
EndGlobal
