
Microsoft Visual Studio Solution File, Format Version 10.00
# Visual C# Express 2008
Project("{FAE04EC0-301F-11D3-BF4B-00C04F79EFBC}") = "Largest_of_two_number", "Largest_of_two_number\Largest_of_two_number.csproj", "{D73CA46D-4249-413E-9858-D39BBC1BBCDE}"
EndProject
Global
	GlobalSection(SolutionConfigurationPlatforms) = preSolution
		Debug|Any CPU = Debug|Any CPU
		Release|Any CPU = Release|Any CPU
	EndGlobalSection
	GlobalSection(ProjectConfigurationPlatforms) = postSolution
		{D73CA46D-4249-413E-9858-D39BBC1BBCDE}.Debug|Any CPU.ActiveCfg = Debug|Any CPU
		{D73CA46D-4249-413E-9858-D39BBC1BBCDE}.Debug|Any CPU.Build.0 = Debug|Any CPU
		{D73CA46D-4249-413E-9858-D39BBC1BBCDE}.Release|Any CPU.ActiveCfg = Release|Any CPU
		{D73CA46D-4249-413E-9858-D39BBC1BBCDE}.Release|Any CPU.Build.0 = Release|Any CPU
	EndGlobalSection
	GlobalSection(SolutionProperties) = preSolution
		HideSolutionNode = FALSE
	EndGlobalSection
EndGlobal
