
Microsoft Visual Studio Solution File, Format Version 10.00
# Visual C# Express 2008
Project("{FAE04EC0-301F-11D3-BF4B-00C04F79EFBC}") = "2D_array_addition_matrix", "2D_array_addition_matrix\2D_array_addition_matrix.csproj", "{79F255A9-96B5-4656-9CF0-FE3680B9BFBC}"
EndProject
Global
	GlobalSection(SolutionConfigurationPlatforms) = preSolution
		Debug|Any CPU = Debug|Any CPU
		Release|Any CPU = Release|Any CPU
	EndGlobalSection
	GlobalSection(ProjectConfigurationPlatforms) = postSolution
		{79F255A9-96B5-4656-9CF0-FE3680B9BFBC}.Debug|Any CPU.ActiveCfg = Debug|Any CPU
		{79F255A9-96B5-4656-9CF0-FE3680B9BFBC}.Debug|Any CPU.Build.0 = Debug|Any CPU
		{79F255A9-96B5-4656-9CF0-FE3680B9BFBC}.Release|Any CPU.ActiveCfg = Release|Any CPU
		{79F255A9-96B5-4656-9CF0-FE3680B9BFBC}.Release|Any CPU.Build.0 = Release|Any CPU
	EndGlobalSection
	GlobalSection(SolutionProperties) = preSolution
		HideSolutionNode = FALSE
	EndGlobalSection
EndGlobal
