
Microsoft Visual Studio Solution File, Format Version 10.00
# Visual C# Express 2008
Project("{FAE04EC0-301F-11D3-BF4B-00C04F79EFBC}") = "ExpHandling - user_define - validate age", "ExpHandling - user_define - validate age\ExpHandling - user_define - validate age.csproj", "{A387ED3C-383C-45FD-8B6E-D842CFC7560B}"
EndProject
Global
	GlobalSection(SolutionConfigurationPlatforms) = preSolution
		Debug|Any CPU = Debug|Any CPU
		Release|Any CPU = Release|Any CPU
	EndGlobalSection
	GlobalSection(ProjectConfigurationPlatforms) = postSolution
		{A387ED3C-383C-45FD-8B6E-D842CFC7560B}.Debug|Any CPU.ActiveCfg = Debug|Any CPU
		{A387ED3C-383C-45FD-8B6E-D842CFC7560B}.Debug|Any CPU.Build.0 = Debug|Any CPU
		{A387ED3C-383C-45FD-8B6E-D842CFC7560B}.Release|Any CPU.ActiveCfg = Release|Any CPU
		{A387ED3C-383C-45FD-8B6E-D842CFC7560B}.Release|Any CPU.Build.0 = Release|Any CPU
	EndGlobalSection
	GlobalSection(SolutionProperties) = preSolution
		HideSolutionNode = FALSE
	EndGlobalSection
EndGlobal
